
Microsoft Visual Studio Solution File, Format Version 12.00
# Visual Studio 15
VisualStudioVersion = 15.0.27428.2005
MinimumVisualStudioVersion = 10.0.40219.1
Project("{FAE04EC0-301F-11D3-BF4B-00C04F79EFBC}") = "WorldVue", "WorldVue\WorldVue.csproj", "{5E9E8B2B-E043-49BF-8FDA-440035C91F12}"
EndProject
Global
	GlobalSection(SolutionConfigurationPlatforms) = preSolution
		Debug|Any CPU = Debug|Any CPU
		Release|Any CPU = Release|Any CPU
	EndGlobalSection
	GlobalSection(ProjectConfigurationPlatforms) = postSolution
		{5E9E8B2B-E043-49BF-8FDA-440035C91F12}.Debug|Any CPU.ActiveCfg = Debug|Any CPU
		{5E9E8B2B-E043-49BF-8FDA-440035C91F12}.Debug|Any CPU.Build.0 = Debug|Any CPU
		{5E9E8B2B-E043-49BF-8FDA-440035C91F12}.Release|Any CPU.ActiveCfg = Release|Any CPU
		{5E9E8B2B-E043-49BF-8FDA-440035C91F12}.Release|Any CPU.Build.0 = Release|Any CPU
	EndGlobalSection
	GlobalSection(SolutionProperties) = preSolution
		HideSolutionNode = FALSE
	EndGlobalSection
	GlobalSection(ExtensibilityGlobals) = postSolution
		SolutionGuid = {18034B40-D3AB-410F-B07D-120AC89AE4C2}
	EndGlobalSection
EndGlobal
